
Microsoft Visual Studio Solution File, Format Version 12.00
# Visual Studio 15
VisualStudioVersion = 15.0.27130.2036
MinimumVisualStudioVersion = 10.0.40219.1
Project("{FAE04EC0-301F-11D3-BF4B-00C04F79EFBC}") = "DobrarNum", "NumPrimo\DobrarNum.csproj", "{EFAEB6FC-6767-4526-8C66-C75871F32762}"
EndProject
Global
	GlobalSection(SolutionConfigurationPlatforms) = preSolution
		Debug|Any CPU = Debug|Any CPU
		Release|Any CPU = Release|Any CPU
	EndGlobalSection
	GlobalSection(ProjectConfigurationPlatforms) = postSolution
		{EFAEB6FC-6767-4526-8C66-C75871F32762}.Debug|Any CPU.ActiveCfg = Debug|Any CPU
		{EFAEB6FC-6767-4526-8C66-C75871F32762}.Debug|Any CPU.Build.0 = Debug|Any CPU
		{EFAEB6FC-6767-4526-8C66-C75871F32762}.Release|Any CPU.ActiveCfg = Release|Any CPU
		{EFAEB6FC-6767-4526-8C66-C75871F32762}.Release|Any CPU.Build.0 = Release|Any CPU
	EndGlobalSection
	GlobalSection(SolutionProperties) = preSolution
		HideSolutionNode = FALSE
	EndGlobalSection
	GlobalSection(ExtensibilityGlobals) = postSolution
		SolutionGuid = {AC04FDB7-A14B-4EDE-802E-7FA48F8B555B}
	EndGlobalSection
EndGlobal
