
Microsoft Visual Studio Solution File, Format Version 12.00
# Visual Studio 15
VisualStudioVersion = 15.0.27428.2015
MinimumVisualStudioVersion = 10.0.40219.1
Project("{FAE04EC0-301F-11D3-BF4B-00C04F79EFBC}") = "AtvQ6SomadosParesNaSequencia", "AtvQ6SomadosParesNaSequencia\AtvQ6SomadosParesNaSequencia.csproj", "{EEE6448F-4FA2-4782-8E98-E1932D38F40F}"
EndProject
Global
	GlobalSection(SolutionConfigurationPlatforms) = preSolution
		Debug|Any CPU = Debug|Any CPU
		Release|Any CPU = Release|Any CPU
	EndGlobalSection
	GlobalSection(ProjectConfigurationPlatforms) = postSolution
		{EEE6448F-4FA2-4782-8E98-E1932D38F40F}.Debug|Any CPU.ActiveCfg = Debug|Any CPU
		{EEE6448F-4FA2-4782-8E98-E1932D38F40F}.Debug|Any CPU.Build.0 = Debug|Any CPU
		{EEE6448F-4FA2-4782-8E98-E1932D38F40F}.Release|Any CPU.ActiveCfg = Release|Any CPU
		{EEE6448F-4FA2-4782-8E98-E1932D38F40F}.Release|Any CPU.Build.0 = Release|Any CPU
	EndGlobalSection
	GlobalSection(SolutionProperties) = preSolution
		HideSolutionNode = FALSE
	EndGlobalSection
	GlobalSection(ExtensibilityGlobals) = postSolution
		SolutionGuid = {C2E5208F-0CC8-4321-8199-E0FBBCA01C17}
	EndGlobalSection
EndGlobal
