
Microsoft Visual Studio Solution File, Format Version 12.00
# Visual Studio 15
VisualStudioVersion = 15.0.27428.2015
MinimumVisualStudioVersion = 10.0.40219.1
Project("{FAE04EC0-301F-11D3-BF4B-00C04F79EFBC}") = "ArrayQ8", "ArrayQ8\ArrayQ8.csproj", "{87749270-F5D8-4806-8A2D-19CBFD5609E5}"
EndProject
Global
	GlobalSection(SolutionConfigurationPlatforms) = preSolution
		Debug|Any CPU = Debug|Any CPU
		Release|Any CPU = Release|Any CPU
	EndGlobalSection
	GlobalSection(ProjectConfigurationPlatforms) = postSolution
		{87749270-F5D8-4806-8A2D-19CBFD5609E5}.Debug|Any CPU.ActiveCfg = Debug|Any CPU
		{87749270-F5D8-4806-8A2D-19CBFD5609E5}.Debug|Any CPU.Build.0 = Debug|Any CPU
		{87749270-F5D8-4806-8A2D-19CBFD5609E5}.Release|Any CPU.ActiveCfg = Release|Any CPU
		{87749270-F5D8-4806-8A2D-19CBFD5609E5}.Release|Any CPU.Build.0 = Release|Any CPU
	EndGlobalSection
	GlobalSection(SolutionProperties) = preSolution
		HideSolutionNode = FALSE
	EndGlobalSection
	GlobalSection(ExtensibilityGlobals) = postSolution
		SolutionGuid = {A100167E-01B3-4808-A480-C59C02B17A0F}
	EndGlobalSection
EndGlobal
