
Microsoft Visual Studio Solution File, Format Version 12.00
# Visual Studio 15
VisualStudioVersion = 15.0.27428.2015
MinimumVisualStudioVersion = 10.0.40219.1
Project("{FAE04EC0-301F-11D3-BF4B-00C04F79EFBC}") = "Atv1Q4", "Atv1Q4\Atv1Q4.csproj", "{39967173-DA0A-4806-9F71-388AC6BB76DA}"
EndProject
Global
	GlobalSection(SolutionConfigurationPlatforms) = preSolution
		Debug|Any CPU = Debug|Any CPU
		Release|Any CPU = Release|Any CPU
	EndGlobalSection
	GlobalSection(ProjectConfigurationPlatforms) = postSolution
		{39967173-DA0A-4806-9F71-388AC6BB76DA}.Debug|Any CPU.ActiveCfg = Debug|Any CPU
		{39967173-DA0A-4806-9F71-388AC6BB76DA}.Debug|Any CPU.Build.0 = Debug|Any CPU
		{39967173-DA0A-4806-9F71-388AC6BB76DA}.Release|Any CPU.ActiveCfg = Release|Any CPU
		{39967173-DA0A-4806-9F71-388AC6BB76DA}.Release|Any CPU.Build.0 = Release|Any CPU
	EndGlobalSection
	GlobalSection(SolutionProperties) = preSolution
		HideSolutionNode = FALSE
	EndGlobalSection
	GlobalSection(ExtensibilityGlobals) = postSolution
		SolutionGuid = {1BEAFE06-8207-4494-A16F-2C7B69A4B8B9}
	EndGlobalSection
EndGlobal
