
Microsoft Visual Studio Solution File, Format Version 12.00
# Visual Studio 15
VisualStudioVersion = 15.0.27130.2036
MinimumVisualStudioVersion = 10.0.40219.1
Project("{FAE04EC0-301F-11D3-BF4B-00C04F79EFBC}") = "NumMaior", "NumMaior\NumMaior.csproj", "{A07951DB-93DB-4471-BFEB-AF09CA36C58A}"
EndProject
Global
	GlobalSection(SolutionConfigurationPlatforms) = preSolution
		Debug|Any CPU = Debug|Any CPU
		Release|Any CPU = Release|Any CPU
	EndGlobalSection
	GlobalSection(ProjectConfigurationPlatforms) = postSolution
		{A07951DB-93DB-4471-BFEB-AF09CA36C58A}.Debug|Any CPU.ActiveCfg = Debug|Any CPU
		{A07951DB-93DB-4471-BFEB-AF09CA36C58A}.Debug|Any CPU.Build.0 = Debug|Any CPU
		{A07951DB-93DB-4471-BFEB-AF09CA36C58A}.Release|Any CPU.ActiveCfg = Release|Any CPU
		{A07951DB-93DB-4471-BFEB-AF09CA36C58A}.Release|Any CPU.Build.0 = Release|Any CPU
	EndGlobalSection
	GlobalSection(SolutionProperties) = preSolution
		HideSolutionNode = FALSE
	EndGlobalSection
	GlobalSection(ExtensibilityGlobals) = postSolution
		SolutionGuid = {3BC6ED4B-FFD9-439F-86E2-5A07847B2356}
	EndGlobalSection
EndGlobal
