
Microsoft Visual Studio Solution File, Format Version 12.00
# Visual Studio 15
VisualStudioVersion = 15.0.27428.2015
MinimumVisualStudioVersion = 10.0.40219.1
Project("{FAE04EC0-301F-11D3-BF4B-00C04F79EFBC}") = "Atv1Q3", "Atv1Q3\Atv1Q3.csproj", "{B0A573F6-BC0E-4CF5-A1DF-5C0347033B16}"
EndProject
Global
	GlobalSection(SolutionConfigurationPlatforms) = preSolution
		Debug|Any CPU = Debug|Any CPU
		Release|Any CPU = Release|Any CPU
	EndGlobalSection
	GlobalSection(ProjectConfigurationPlatforms) = postSolution
		{B0A573F6-BC0E-4CF5-A1DF-5C0347033B16}.Debug|Any CPU.ActiveCfg = Debug|Any CPU
		{B0A573F6-BC0E-4CF5-A1DF-5C0347033B16}.Debug|Any CPU.Build.0 = Debug|Any CPU
		{B0A573F6-BC0E-4CF5-A1DF-5C0347033B16}.Release|Any CPU.ActiveCfg = Release|Any CPU
		{B0A573F6-BC0E-4CF5-A1DF-5C0347033B16}.Release|Any CPU.Build.0 = Release|Any CPU
	EndGlobalSection
	GlobalSection(SolutionProperties) = preSolution
		HideSolutionNode = FALSE
	EndGlobalSection
	GlobalSection(ExtensibilityGlobals) = postSolution
		SolutionGuid = {EB6A47F6-A4BB-4E4F-B0A7-256AD5929769}
	EndGlobalSection
EndGlobal
